
Microsoft Visual Studio Solution File, Format Version 12.00
# Visual Studio Version 17
VisualStudioVersion = 17.6.33815.320
MinimumVisualStudioVersion = 10.0.40219.1
Project("{FAE04EC0-301F-11D3-BF4B-00C04F79EFBC}") = "RRPAYRROL_SYSTEM", "RRPAYRROL_SYSTEM\RRPAYRROL_SYSTEM.csproj", "{87C82577-216E-4A5B-82EC-545B9F47D4C6}"
EndProject
Global
	GlobalSection(SolutionConfigurationPlatforms) = preSolution
		Debug|Any CPU = Debug|Any CPU
		Release|Any CPU = Release|Any CPU
	EndGlobalSection
	GlobalSection(ProjectConfigurationPlatforms) = postSolution
		{87C82577-216E-4A5B-82EC-545B9F47D4C6}.Debug|Any CPU.ActiveCfg = Debug|Any CPU
		{87C82577-216E-4A5B-82EC-545B9F47D4C6}.Debug|Any CPU.Build.0 = Debug|Any CPU
		{87C82577-216E-4A5B-82EC-545B9F47D4C6}.Release|Any CPU.ActiveCfg = Release|Any CPU
		{87C82577-216E-4A5B-82EC-545B9F47D4C6}.Release|Any CPU.Build.0 = Release|Any CPU
	EndGlobalSection
	GlobalSection(SolutionProperties) = preSolution
		HideSolutionNode = FALSE
	EndGlobalSection
	GlobalSection(ExtensibilityGlobals) = postSolution
		SolutionGuid = {D366F9D4-91B6-486D-98FA-FE0460B898DE}
	EndGlobalSection
EndGlobal
